
Microsoft Visual Studio Solution File, Format Version 12.00
# Visual Studio 15
VisualStudioVersion = 15.0.26403.7
MinimumVisualStudioVersion = 10.0.40219.1
Project("{FAE04EC0-301F-11D3-BF4B-00C04F79EFBC}") = "MvcClient.HybridFlow", "MvcClient.HybridFlow\MvcClient.HybridFlow.csproj", "{2941CC17-AA2F-4955-9062-F5EE6D4F34A2}"
EndProject
Project("{2150E333-8FDC-42A3-9474-1A3956D46DE8}") = "AAA", "AAA", "{C61D59D2-E4F9-44B4-A6C1-EA66F868659D}"
EndProject
Project("{FAE04EC0-301F-11D3-BF4B-00C04F79EFBC}") = "ContactApi", "ContactApi\ContactApi.csproj", "{5370DF8F-7064-4FE6-9F1C-59384D9FFFA9}"
EndProject
Project("{FAE04EC0-301F-11D3-BF4B-00C04F79EFBC}") = "SecureThirdPartyAccess.Model", "SecureThirdPartyAccessModel\SecureThirdPartyAccess.Model.csproj", "{1DD85BF7-E12C-403C-8051-B8A5A4B03967}"
EndProject
Global
	GlobalSection(SolutionConfigurationPlatforms) = preSolution
		Debug|Any CPU = Debug|Any CPU
		Release|Any CPU = Release|Any CPU
	EndGlobalSection
	GlobalSection(ProjectConfigurationPlatforms) = postSolution
		{2941CC17-AA2F-4955-9062-F5EE6D4F34A2}.Debug|Any CPU.ActiveCfg = Debug|Any CPU
		{2941CC17-AA2F-4955-9062-F5EE6D4F34A2}.Debug|Any CPU.Build.0 = Debug|Any CPU
		{2941CC17-AA2F-4955-9062-F5EE6D4F34A2}.Release|Any CPU.ActiveCfg = Release|Any CPU
		{2941CC17-AA2F-4955-9062-F5EE6D4F34A2}.Release|Any CPU.Build.0 = Release|Any CPU
		{5370DF8F-7064-4FE6-9F1C-59384D9FFFA9}.Debug|Any CPU.ActiveCfg = Debug|Any CPU
		{5370DF8F-7064-4FE6-9F1C-59384D9FFFA9}.Debug|Any CPU.Build.0 = Debug|Any CPU
		{5370DF8F-7064-4FE6-9F1C-59384D9FFFA9}.Release|Any CPU.ActiveCfg = Release|Any CPU
		{5370DF8F-7064-4FE6-9F1C-59384D9FFFA9}.Release|Any CPU.Build.0 = Release|Any CPU
		{1DD85BF7-E12C-403C-8051-B8A5A4B03967}.Debug|Any CPU.ActiveCfg = Debug|Any CPU
		{1DD85BF7-E12C-403C-8051-B8A5A4B03967}.Debug|Any CPU.Build.0 = Debug|Any CPU
		{1DD85BF7-E12C-403C-8051-B8A5A4B03967}.Release|Any CPU.ActiveCfg = Release|Any CPU
		{1DD85BF7-E12C-403C-8051-B8A5A4B03967}.Release|Any CPU.Build.0 = Release|Any CPU
	EndGlobalSection
	GlobalSection(SolutionProperties) = preSolution
		HideSolutionNode = FALSE
	EndGlobalSection
	GlobalSection(NestedProjects) = preSolution
		{2941CC17-AA2F-4955-9062-F5EE6D4F34A2} = {C61D59D2-E4F9-44B4-A6C1-EA66F868659D}
		{5370DF8F-7064-4FE6-9F1C-59384D9FFFA9} = {C61D59D2-E4F9-44B4-A6C1-EA66F868659D}
		{1DD85BF7-E12C-403C-8051-B8A5A4B03967} = {C61D59D2-E4F9-44B4-A6C1-EA66F868659D}
	EndGlobalSection
EndGlobal
