
Microsoft Visual Studio Solution File, Format Version 12.00
# Visual Studio 14
VisualStudioVersion = 14.0.25420.1
MinimumVisualStudioVersion = 10.0.40219.1
Project("{FAE04EC0-301F-11D3-BF4B-00C04F79EFBC}") = "MvcClient", "AuthEmbeddedMvc\MvcClient.csproj", "{49553E1A-3371-40AB-BFFD-0D5401889255}"
	ProjectSection(ProjectDependencies) = postProject
		{DE069722-2010-4586-9EB8-30FA797D12E0} = {DE069722-2010-4586-9EB8-30FA797D12E0}
		{B2674F73-FE12-4D86-8457-FCDED31B7A3A} = {B2674F73-FE12-4D86-8457-FCDED31B7A3A}
	EndProjectSection
EndProject
Project("{FAE04EC0-301F-11D3-BF4B-00C04F79EFBC}") = "Cch.Apis", "Cch.Apis\Cch.Apis.csproj", "{B2674F73-FE12-4D86-8457-FCDED31B7A3A}"
	ProjectSection(ProjectDependencies) = postProject
		{DE069722-2010-4586-9EB8-30FA797D12E0} = {DE069722-2010-4586-9EB8-30FA797D12E0}
	EndProjectSection
EndProject
Project("{FAE04EC0-301F-11D3-BF4B-00C04F79EFBC}") = "IdSrv.Console", "IdSrv.Console\IdSrv.Console.csproj", "{DE069722-2010-4586-9EB8-30FA797D12E0}"
EndProject
Global
	GlobalSection(SolutionConfigurationPlatforms) = preSolution
		Debug|Any CPU = Debug|Any CPU
		Release|Any CPU = Release|Any CPU
	EndGlobalSection
	GlobalSection(ProjectConfigurationPlatforms) = postSolution
		{49553E1A-3371-40AB-BFFD-0D5401889255}.Debug|Any CPU.ActiveCfg = Debug|Any CPU
		{49553E1A-3371-40AB-BFFD-0D5401889255}.Debug|Any CPU.Build.0 = Debug|Any CPU
		{49553E1A-3371-40AB-BFFD-0D5401889255}.Release|Any CPU.ActiveCfg = Release|Any CPU
		{49553E1A-3371-40AB-BFFD-0D5401889255}.Release|Any CPU.Build.0 = Release|Any CPU
		{B2674F73-FE12-4D86-8457-FCDED31B7A3A}.Debug|Any CPU.ActiveCfg = Debug|Any CPU
		{B2674F73-FE12-4D86-8457-FCDED31B7A3A}.Debug|Any CPU.Build.0 = Debug|Any CPU
		{B2674F73-FE12-4D86-8457-FCDED31B7A3A}.Release|Any CPU.ActiveCfg = Release|Any CPU
		{B2674F73-FE12-4D86-8457-FCDED31B7A3A}.Release|Any CPU.Build.0 = Release|Any CPU
		{DE069722-2010-4586-9EB8-30FA797D12E0}.Debug|Any CPU.ActiveCfg = Debug|Any CPU
		{DE069722-2010-4586-9EB8-30FA797D12E0}.Debug|Any CPU.Build.0 = Debug|Any CPU
		{DE069722-2010-4586-9EB8-30FA797D12E0}.Release|Any CPU.ActiveCfg = Release|Any CPU
		{DE069722-2010-4586-9EB8-30FA797D12E0}.Release|Any CPU.Build.0 = Release|Any CPU
	EndGlobalSection
	GlobalSection(SolutionProperties) = preSolution
		HideSolutionNode = FALSE
	EndGlobalSection
EndGlobal
